
Microsoft Visual Studio Solution File, Format Version 12.00
# Visual Studio Version 17
VisualStudioVersion = 17.5.002.0
MinimumVisualStudioVersion = 10.0.40219.1
Project("{9A19103F-16F7-4668-BE54-9A1E7A4F7556}") = "SecurePassword", "SecurePassword.csproj", "{8C53CA22-DEFE-495F-A304-1B48D30EF30D}"
EndProject
Global
	GlobalSection(SolutionConfigurationPlatforms) = preSolution
		Debug|Any CPU = Debug|Any CPU
		Release|Any CPU = Release|Any CPU
	EndGlobalSection
	GlobalSection(ProjectConfigurationPlatforms) = postSolution
		{8C53CA22-DEFE-495F-A304-1B48D30EF30D}.Debug|Any CPU.ActiveCfg = Debug|Any CPU
		{8C53CA22-DEFE-495F-A304-1B48D30EF30D}.Debug|Any CPU.Build.0 = Debug|Any CPU
		{8C53CA22-DEFE-495F-A304-1B48D30EF30D}.Release|Any CPU.ActiveCfg = Release|Any CPU
		{8C53CA22-DEFE-495F-A304-1B48D30EF30D}.Release|Any CPU.Build.0 = Release|Any CPU
	EndGlobalSection
	GlobalSection(SolutionProperties) = preSolution
		HideSolutionNode = FALSE
	EndGlobalSection
	GlobalSection(ExtensibilityGlobals) = postSolution
		SolutionGuid = {7A77C976-821E-4502-8CF0-0F0FB1D7D3DF}
	EndGlobalSection
EndGlobal
